PODS:
  - CGXPageHomeScrollViewOC (0.2):
    - CGXPageHomeScrollViewOC/ContainerView (= 0.2)
    - CGXPageHomeScrollViewOC/List (= 0.2)
  - CGXPageHomeScrollViewOC/ContainerView (0.2)
  - CGXPageHomeScrollViewOC/List (0.2):
    - CGXPageHomeScrollViewOC/ContainerView
  - Masonry (1.1.0)
  - MJRefresh (3.5.0)
  - SDWebImage (5.11.0):
    - SDWebImage/Core (= 5.11.0)
  - SDWebImage/Core (5.11.0)

DEPENDENCIES:
  - CGXPageHomeScrollViewOC (from `../`)
  - Masonry
  - MJRefresh
  - SDWebImage

SPEC REPOS:
  trunk:
    - Masonry
    - MJRefresh
    - SDWebImage

EXTERNAL SOURCES:
  CGXPageHomeScrollViewOC:
    :path: "../"

SPEC CHECKSUMS:
  CGXPageHomeScrollViewOC: ce513bc6d4978e1d374b233874462882c13d3f13
  Masonry: 678fab65091a9290e40e2832a55e7ab731aad201
  MJRefresh: 6afc955813966afb08305477dd7a0d9ad5e79a16
  SDWebImage: 7acbb57630ac7db4a495547fb73916ff3e432f6b

PODFILE CHECKSUM: 6540475ef8d5b2a8d4ccf9ff0a3f66ed6da9e13d

COCOAPODS: 1.10.1
